
Microsoft Visual Studio Solution File, Format Version 11.00
# Visual Studio 2010
Project("{8BC9CEB8-8B4A-11D0-8D11-00A0C91BC942}") = "41_用morphologyEx进行图像膨胀", "41_用morphologyEx进行图像膨胀\41_用morphologyEx进行图像膨胀.vcxproj", "{499ED6E1-4E8C-4CBC-919F-AF4405BEAA11}"
EndProject
Global
	GlobalSection(SolutionConfigurationPlatforms) = preSolution
		Debug|Win32 = Debug|Win32
		Release|Win32 = Release|Win32
	EndGlobalSection
	GlobalSection(ProjectConfigurationPlatforms) = postSolution
		{499ED6E1-4E8C-4CBC-919F-AF4405BEAA11}.Debug|Win32.ActiveCfg = Debug|Win32
		{499ED6E1-4E8C-4CBC-919F-AF4405BEAA11}.Debug|Win32.Build.0 = Debug|Win32
		{499ED6E1-4E8C-4CBC-919F-AF4405BEAA11}.Release|Win32.ActiveCfg = Release|Win32
		{499ED6E1-4E8C-4CBC-919F-AF4405BEAA11}.Release|Win32.Build.0 = Release|Win32
	EndGlobalSection
	GlobalSection(SolutionProperties) = preSolution
		HideSolutionNode = FALSE
	EndGlobalSection
EndGlobal
