
Microsoft Visual Studio Solution File, Format Version 11.00
# Visual Studio 2010
Project("{8BC9CEB8-8B4A-11D0-8D11-00A0C91BC942}") = "52_pyrUp函数用法示例", "52_pyrUp函数用法示例\52_pyrUp函数用法示例.vcxproj", "{C1586F44-69DC-457D-A01F-96A62FC27D15}"
EndProject
Global
	GlobalSection(SolutionConfigurationPlatforms) = preSolution
		Debug|Win32 = Debug|Win32
		Release|Win32 = Release|Win32
	EndGlobalSection
	GlobalSection(ProjectConfigurationPlatforms) = postSolution
		{C1586F44-69DC-457D-A01F-96A62FC27D15}.Debug|Win32.ActiveCfg = Debug|Win32
		{C1586F44-69DC-457D-A01F-96A62FC27D15}.Debug|Win32.Build.0 = Debug|Win32
		{C1586F44-69DC-457D-A01F-96A62FC27D15}.Release|Win32.ActiveCfg = Release|Win32
		{C1586F44-69DC-457D-A01F-96A62FC27D15}.Release|Win32.Build.0 = Release|Win32
	EndGlobalSection
	GlobalSection(SolutionProperties) = preSolution
		HideSolutionNode = FALSE
	EndGlobalSection
EndGlobal
