
Microsoft Visual Studio Solution File, Format Version 11.00
# Visual Studio 2010
Project("{8BC9CEB8-8B4A-11D0-8D11-00A0C91BC942}") = "80_一维直方图的绘制", "80_一维直方图的绘制\80_一维直方图的绘制.vcxproj", "{7B79DC8E-23CE-45E8-A3A6-2B30303678A0}"
EndProject
Global
	GlobalSection(SolutionConfigurationPlatforms) = preSolution
		Debug|Win32 = Debug|Win32
		Release|Win32 = Release|Win32
	EndGlobalSection
	GlobalSection(ProjectConfigurationPlatforms) = postSolution
		{7B79DC8E-23CE-45E8-A3A6-2B30303678A0}.Debug|Win32.ActiveCfg = Debug|Win32
		{7B79DC8E-23CE-45E8-A3A6-2B30303678A0}.Debug|Win32.Build.0 = Debug|Win32
		{7B79DC8E-23CE-45E8-A3A6-2B30303678A0}.Release|Win32.ActiveCfg = Release|Win32
		{7B79DC8E-23CE-45E8-A3A6-2B30303678A0}.Release|Win32.Build.0 = Release|Win32
	EndGlobalSection
	GlobalSection(SolutionProperties) = preSolution
		HideSolutionNode = FALSE
	EndGlobalSection
EndGlobal
