
Microsoft Visual Studio Solution File, Format Version 11.00
# Visual Studio 2010
Project("{8BC9CEB8-8B4A-11D0-8D11-00A0C91BC942}") = "4_blur图像模糊", "4_blur图像模糊\4_blur图像模糊.vcxproj", "{ECB9CC93-110A-4D61-B76F-88E8AE7E025B}"
EndProject
Global
	GlobalSection(SolutionConfigurationPlatforms) = preSolution
		Debug|Win32 = Debug|Win32
		Release|Win32 = Release|Win32
	EndGlobalSection
	GlobalSection(ProjectConfigurationPlatforms) = postSolution
		{ECB9CC93-110A-4D61-B76F-88E8AE7E025B}.Debug|Win32.ActiveCfg = Debug|Win32
		{ECB9CC93-110A-4D61-B76F-88E8AE7E025B}.Debug|Win32.Build.0 = Debug|Win32
		{ECB9CC93-110A-4D61-B76F-88E8AE7E025B}.Release|Win32.ActiveCfg = Release|Win32
		{ECB9CC93-110A-4D61-B76F-88E8AE7E025B}.Release|Win32.Build.0 = Release|Win32
	EndGlobalSection
	GlobalSection(SolutionProperties) = preSolution
		HideSolutionNode = FALSE
	EndGlobalSection
EndGlobal
