
Microsoft Visual Studio Solution File, Format Version 11.00
# Visual Studio 2010
Project("{8BC9CEB8-8B4A-11D0-8D11-00A0C91BC942}") = "84_模板匹配", "84_模板匹配\84_模板匹配.vcxproj", "{B9BDE366-133F-42C0-B74F-1A39C09670F9}"
EndProject
Global
	GlobalSection(SolutionConfigurationPlatforms) = preSolution
		Debug|Win32 = Debug|Win32
		Release|Win32 = Release|Win32
	EndGlobalSection
	GlobalSection(ProjectConfigurationPlatforms) = postSolution
		{B9BDE366-133F-42C0-B74F-1A39C09670F9}.Debug|Win32.ActiveCfg = Debug|Win32
		{B9BDE366-133F-42C0-B74F-1A39C09670F9}.Debug|Win32.Build.0 = Debug|Win32
		{B9BDE366-133F-42C0-B74F-1A39C09670F9}.Release|Win32.ActiveCfg = Release|Win32
		{B9BDE366-133F-42C0-B74F-1A39C09670F9}.Release|Win32.Build.0 = Release|Win32
	EndGlobalSection
	GlobalSection(SolutionProperties) = preSolution
		HideSolutionNode = FALSE
	EndGlobalSection
EndGlobal
