
Microsoft Visual Studio Solution File, Format Version 11.00
# Visual Studio 2010
Project("{8BC9CEB8-8B4A-11D0-8D11-00A0C91BC942}") = "LogPolar", "LogPolar\LogPolar.vcxproj", "{5BD5388D-6EF5-425A-A859-9C608D49F2DD}"
EndProject
Global
	GlobalSection(SolutionConfigurationPlatforms) = preSolution
		Debug|Win32 = Debug|Win32
		Release|Win32 = Release|Win32
	EndGlobalSection
	GlobalSection(ProjectConfigurationPlatforms) = postSolution
		{5BD5388D-6EF5-425A-A859-9C608D49F2DD}.Debug|Win32.ActiveCfg = Debug|Win32
		{5BD5388D-6EF5-425A-A859-9C608D49F2DD}.Debug|Win32.Build.0 = Debug|Win32
		{5BD5388D-6EF5-425A-A859-9C608D49F2DD}.Release|Win32.ActiveCfg = Release|Win32
		{5BD5388D-6EF5-425A-A859-9C608D49F2DD}.Release|Win32.Build.0 = Release|Win32
	EndGlobalSection
	GlobalSection(SolutionProperties) = preSolution
		HideSolutionNode = FALSE
	EndGlobalSection
EndGlobal
