
Microsoft Visual Studio Solution File, Format Version 11.00
# Visual Studio 2010
Project("{8BC9CEB8-8B4A-11D0-8D11-00A0C91BC942}") = "59_Scharr函数用法示例", "59_Scharr函数用法示例\59_Scharr函数用法示例.vcxproj", "{7124BF62-EBB3-4364-B445-103213C67E2C}"
EndProject
Global
	GlobalSection(SolutionConfigurationPlatforms) = preSolution
		Debug|Win32 = Debug|Win32
		Release|Win32 = Release|Win32
	EndGlobalSection
	GlobalSection(ProjectConfigurationPlatforms) = postSolution
		{7124BF62-EBB3-4364-B445-103213C67E2C}.Debug|Win32.ActiveCfg = Debug|Win32
		{7124BF62-EBB3-4364-B445-103213C67E2C}.Debug|Win32.Build.0 = Debug|Win32
		{7124BF62-EBB3-4364-B445-103213C67E2C}.Release|Win32.ActiveCfg = Release|Win32
		{7124BF62-EBB3-4364-B445-103213C67E2C}.Release|Win32.Build.0 = Release|Win32
	EndGlobalSection
	GlobalSection(SolutionProperties) = preSolution
		HideSolutionNode = FALSE
	EndGlobalSection
EndGlobal
