
Microsoft Visual Studio Solution File, Format Version 11.00
# Visual Studio 2010
Project("{8BC9CEB8-8B4A-11D0-8D11-00A0C91BC942}") = "63_HoughCircles函数用法示例", "63_HoughCircles函数用法示例\63_HoughCircles函数用法示例.vcxproj", "{F31CD891-D445-4556-891D-A85D0E6D5FCA}"
EndProject
Global
	GlobalSection(SolutionConfigurationPlatforms) = preSolution
		Debug|Win32 = Debug|Win32
		Release|Win32 = Release|Win32
	EndGlobalSection
	GlobalSection(ProjectConfigurationPlatforms) = postSolution
		{F31CD891-D445-4556-891D-A85D0E6D5FCA}.Debug|Win32.ActiveCfg = Debug|Win32
		{F31CD891-D445-4556-891D-A85D0E6D5FCA}.Debug|Win32.Build.0 = Debug|Win32
		{F31CD891-D445-4556-891D-A85D0E6D5FCA}.Release|Win32.ActiveCfg = Release|Win32
		{F31CD891-D445-4556-891D-A85D0E6D5FCA}.Release|Win32.Build.0 = Release|Win32
	EndGlobalSection
	GlobalSection(SolutionProperties) = preSolution
		HideSolutionNode = FALSE
	EndGlobalSection
EndGlobal
