
Microsoft Visual Studio Solution File, Format Version 11.00
# Visual Studio 2010
Project("{8BC9CEB8-8B4A-11D0-8D11-00A0C91BC942}") = "79_H-S二维直方图的绘制", "79_H-S二维直方图的绘制\79_H-S二维直方图的绘制.vcxproj", "{66860017-A1D3-48BC-B5DE-61342C56A4AD}"
EndProject
Global
	GlobalSection(SolutionConfigurationPlatforms) = preSolution
		Debug|Win32 = Debug|Win32
		Release|Win32 = Release|Win32
	EndGlobalSection
	GlobalSection(ProjectConfigurationPlatforms) = postSolution
		{66860017-A1D3-48BC-B5DE-61342C56A4AD}.Debug|Win32.ActiveCfg = Debug|Win32
		{66860017-A1D3-48BC-B5DE-61342C56A4AD}.Debug|Win32.Build.0 = Debug|Win32
		{66860017-A1D3-48BC-B5DE-61342C56A4AD}.Release|Win32.ActiveCfg = Release|Win32
		{66860017-A1D3-48BC-B5DE-61342C56A4AD}.Release|Win32.Build.0 = Release|Win32
	EndGlobalSection
	GlobalSection(SolutionProperties) = preSolution
		HideSolutionNode = FALSE
	EndGlobalSection
EndGlobal
