
Microsoft Visual Studio Solution File, Format Version 11.00
# Visual Studio 2010
Project("{8BC9CEB8-8B4A-11D0-8D11-00A0C91BC942}") = "43_用morphologyEx进行图像开运算", "43_用morphologyEx进行图像开运算\43_用morphologyEx进行图像开运算.vcxproj", "{CB3823AA-CE28-4FAE-8192-A9089CFBDAA8}"
EndProject
Global
	GlobalSection(SolutionConfigurationPlatforms) = preSolution
		Debug|Win32 = Debug|Win32
		Release|Win32 = Release|Win32
	EndGlobalSection
	GlobalSection(ProjectConfigurationPlatforms) = postSolution
		{CB3823AA-CE28-4FAE-8192-A9089CFBDAA8}.Debug|Win32.ActiveCfg = Debug|Win32
		{CB3823AA-CE28-4FAE-8192-A9089CFBDAA8}.Debug|Win32.Build.0 = Debug|Win32
		{CB3823AA-CE28-4FAE-8192-A9089CFBDAA8}.Release|Win32.ActiveCfg = Release|Win32
		{CB3823AA-CE28-4FAE-8192-A9089CFBDAA8}.Release|Win32.Build.0 = Release|Win32
	EndGlobalSection
	GlobalSection(SolutionProperties) = preSolution
		HideSolutionNode = FALSE
	EndGlobalSection
EndGlobal
