
Microsoft Visual Studio Solution File, Format Version 11.00
# Visual Studio 2010
Project("{8BC9CEB8-8B4A-11D0-8D11-00A0C91BC942}") = "70_查找并绘制轮廓综合示例", "70_查找并绘制轮廓综合示例\70_查找并绘制轮廓综合示例.vcxproj", "{4A99D5F6-A777-4BE8-A646-6EC4D600010A}"
EndProject
Global
	GlobalSection(SolutionConfigurationPlatforms) = preSolution
		Debug|Win32 = Debug|Win32
		Release|Win32 = Release|Win32
	EndGlobalSection
	GlobalSection(ProjectConfigurationPlatforms) = postSolution
		{4A99D5F6-A777-4BE8-A646-6EC4D600010A}.Debug|Win32.ActiveCfg = Debug|Win32
		{4A99D5F6-A777-4BE8-A646-6EC4D600010A}.Debug|Win32.Build.0 = Debug|Win32
		{4A99D5F6-A777-4BE8-A646-6EC4D600010A}.Release|Win32.ActiveCfg = Release|Win32
		{4A99D5F6-A777-4BE8-A646-6EC4D600010A}.Release|Win32.Build.0 = Release|Win32
	EndGlobalSection
	GlobalSection(SolutionProperties) = preSolution
		HideSolutionNode = FALSE
	EndGlobalSection
EndGlobal
