
Microsoft Visual Studio Solution File, Format Version 11.00
# Visual Studio 2010
Project("{8BC9CEB8-8B4A-11D0-8D11-00A0C91BC942}") = "49_漫水填充floodFill函数用法示例", "49_漫水填充floodFill函数用法示例\49_漫水填充floodFill函数用法示例.vcxproj", "{AA63705B-BBE4-4FCF-86D1-31030DCD0626}"
EndProject
Global
	GlobalSection(SolutionConfigurationPlatforms) = preSolution
		Debug|Win32 = Debug|Win32
		Release|Win32 = Release|Win32
	EndGlobalSection
	GlobalSection(ProjectConfigurationPlatforms) = postSolution
		{AA63705B-BBE4-4FCF-86D1-31030DCD0626}.Debug|Win32.ActiveCfg = Debug|Win32
		{AA63705B-BBE4-4FCF-86D1-31030DCD0626}.Debug|Win32.Build.0 = Debug|Win32
		{AA63705B-BBE4-4FCF-86D1-31030DCD0626}.Release|Win32.ActiveCfg = Release|Win32
		{AA63705B-BBE4-4FCF-86D1-31030DCD0626}.Release|Win32.Build.0 = Release|Win32
	EndGlobalSection
	GlobalSection(SolutionProperties) = preSolution
		HideSolutionNode = FALSE
	EndGlobalSection
EndGlobal
