
Microsoft Visual Studio Solution File, Format Version 11.00
# Visual Studio 2010
Project("{8BC9CEB8-8B4A-11D0-8D11-00A0C91BC942}") = "62_HoughLinesP函数用法示例", "62_HoughLinesP函数用法示例\62_HoughLinesP函数用法示例.vcxproj", "{A78FD750-0BA9-491A-94BD-80A27EB1B2B1}"
EndProject
Global
	GlobalSection(SolutionConfigurationPlatforms) = preSolution
		Debug|Win32 = Debug|Win32
		Release|Win32 = Release|Win32
	EndGlobalSection
	GlobalSection(ProjectConfigurationPlatforms) = postSolution
		{A78FD750-0BA9-491A-94BD-80A27EB1B2B1}.Debug|Win32.ActiveCfg = Debug|Win32
		{A78FD750-0BA9-491A-94BD-80A27EB1B2B1}.Debug|Win32.Build.0 = Debug|Win32
		{A78FD750-0BA9-491A-94BD-80A27EB1B2B1}.Release|Win32.ActiveCfg = Release|Win32
		{A78FD750-0BA9-491A-94BD-80A27EB1B2B1}.Release|Win32.Build.0 = Release|Win32
	EndGlobalSection
	GlobalSection(SolutionProperties) = preSolution
		HideSolutionNode = FALSE
	EndGlobalSection
EndGlobal
