
Microsoft Visual Studio Solution File, Format Version 11.00
# Visual Studio 2010
Project("{8BC9CEB8-8B4A-11D0-8D11-00A0C91BC942}") = "74_创建包围轮廓的圆形边界", "74_创建包围轮廓的圆形边界\74_创建包围轮廓的圆形边界.vcxproj", "{09B9AA2A-21AE-49F1-AD0B-48427868898A}"
EndProject
Global
	GlobalSection(SolutionConfigurationPlatforms) = preSolution
		Debug|Win32 = Debug|Win32
		Release|Win32 = Release|Win32
	EndGlobalSection
	GlobalSection(ProjectConfigurationPlatforms) = postSolution
		{09B9AA2A-21AE-49F1-AD0B-48427868898A}.Debug|Win32.ActiveCfg = Debug|Win32
		{09B9AA2A-21AE-49F1-AD0B-48427868898A}.Debug|Win32.Build.0 = Debug|Win32
		{09B9AA2A-21AE-49F1-AD0B-48427868898A}.Release|Win32.ActiveCfg = Release|Win32
		{09B9AA2A-21AE-49F1-AD0B-48427868898A}.Release|Win32.Build.0 = Release|Win32
	EndGlobalSection
	GlobalSection(SolutionProperties) = preSolution
		HideSolutionNode = FALSE
	EndGlobalSection
EndGlobal
