
Microsoft Visual Studio Solution File, Format Version 11.00
# Visual Studio 2010
Project("{8BC9CEB8-8B4A-11D0-8D11-00A0C91BC942}") = "27_图像对比度、亮度值调整", "27_图像对比度、亮度值调整\27_图像对比度、亮度值调整.vcxproj", "{D253DEF6-5444-49D5-B4F2-44701222F116}"
EndProject
Global
	GlobalSection(SolutionConfigurationPlatforms) = preSolution
		Debug|Win32 = Debug|Win32
		Release|Win32 = Release|Win32
	EndGlobalSection
	GlobalSection(ProjectConfigurationPlatforms) = postSolution
		{D253DEF6-5444-49D5-B4F2-44701222F116}.Debug|Win32.ActiveCfg = Debug|Win32
		{D253DEF6-5444-49D5-B4F2-44701222F116}.Debug|Win32.Build.0 = Debug|Win32
		{D253DEF6-5444-49D5-B4F2-44701222F116}.Release|Win32.ActiveCfg = Release|Win32
		{D253DEF6-5444-49D5-B4F2-44701222F116}.Release|Win32.Build.0 = Release|Win32
	EndGlobalSection
	GlobalSection(SolutionProperties) = preSolution
		HideSolutionNode = FALSE
	EndGlobalSection
EndGlobal
