
Microsoft Visual Studio Solution File, Format Version 11.00
# Visual Studio 2010
Project("{8BC9CEB8-8B4A-11D0-8D11-00A0C91BC942}") = "53_pyrDown函数用法示例", "53_pyrDown函数用法示例\53_pyrDown函数用法示例.vcxproj", "{B736DBB8-3162-46B8-93D1-79F65B36BE30}"
EndProject
Global
	GlobalSection(SolutionConfigurationPlatforms) = preSolution
		Debug|Win32 = Debug|Win32
		Release|Win32 = Release|Win32
	EndGlobalSection
	GlobalSection(ProjectConfigurationPlatforms) = postSolution
		{B736DBB8-3162-46B8-93D1-79F65B36BE30}.Debug|Win32.ActiveCfg = Debug|Win32
		{B736DBB8-3162-46B8-93D1-79F65B36BE30}.Debug|Win32.Build.0 = Debug|Win32
		{B736DBB8-3162-46B8-93D1-79F65B36BE30}.Release|Win32.ActiveCfg = Release|Win32
		{B736DBB8-3162-46B8-93D1-79F65B36BE30}.Release|Win32.Build.0 = Release|Win32
	EndGlobalSection
	GlobalSection(SolutionProperties) = preSolution
		HideSolutionNode = FALSE
	EndGlobalSection
EndGlobal
