
Microsoft Visual Studio Solution File, Format Version 11.00
# Visual Studio 2010
Project("{8BC9CEB8-8B4A-11D0-8D11-00A0C91BC942}") = "54_图像金字塔和resize综合示例", "54_图像金字塔和resize综合示例\54_图像金字塔和resize综合示例.vcxproj", "{0C2B68A3-8264-4C43-9B09-F2947BD1D596}"
EndProject
Global
	GlobalSection(SolutionConfigurationPlatforms) = preSolution
		Debug|Win32 = Debug|Win32
		Release|Win32 = Release|Win32
	EndGlobalSection
	GlobalSection(ProjectConfigurationPlatforms) = postSolution
		{0C2B68A3-8264-4C43-9B09-F2947BD1D596}.Debug|Win32.ActiveCfg = Debug|Win32
		{0C2B68A3-8264-4C43-9B09-F2947BD1D596}.Debug|Win32.Build.0 = Debug|Win32
		{0C2B68A3-8264-4C43-9B09-F2947BD1D596}.Release|Win32.ActiveCfg = Release|Win32
		{0C2B68A3-8264-4C43-9B09-F2947BD1D596}.Release|Win32.Build.0 = Release|Win32
	EndGlobalSection
	GlobalSection(SolutionProperties) = preSolution
		HideSolutionNode = FALSE
	EndGlobalSection
EndGlobal
