
Microsoft Visual Studio Solution File, Format Version 11.00
# Visual Studio 2010
Project("{8BC9CEB8-8B4A-11D0-8D11-00A0C91BC942}") = "21_用指针访问像素", "21_用指针访问像素\21_用指针访问像素.vcxproj", "{546CBE95-3C0B-4771-AA24-6E004EF77342}"
EndProject
Global
	GlobalSection(SolutionConfigurationPlatforms) = preSolution
		Debug|Win32 = Debug|Win32
		Release|Win32 = Release|Win32
	EndGlobalSection
	GlobalSection(ProjectConfigurationPlatforms) = postSolution
		{546CBE95-3C0B-4771-AA24-6E004EF77342}.Debug|Win32.ActiveCfg = Debug|Win32
		{546CBE95-3C0B-4771-AA24-6E004EF77342}.Debug|Win32.Build.0 = Debug|Win32
		{546CBE95-3C0B-4771-AA24-6E004EF77342}.Release|Win32.ActiveCfg = Release|Win32
		{546CBE95-3C0B-4771-AA24-6E004EF77342}.Release|Win32.Build.0 = Release|Win32
	EndGlobalSection
	GlobalSection(SolutionProperties) = preSolution
		HideSolutionNode = FALSE
	EndGlobalSection
EndGlobal
