
Microsoft Visual Studio Solution File, Format Version 11.00
# Visual Studio 2010
Project("{8BC9CEB8-8B4A-11D0-8D11-00A0C91BC942}") = "23_用动态地址计算配合at访问像素", "23_用动态地址计算配合at访问像素\23_用动态地址计算配合at访问像素.vcxproj", "{8AE88502-11CF-465E-97E5-9C1F5F192B3C}"
EndProject
Global
	GlobalSection(SolutionConfigurationPlatforms) = preSolution
		Debug|Win32 = Debug|Win32
		Release|Win32 = Release|Win32
	EndGlobalSection
	GlobalSection(ProjectConfigurationPlatforms) = postSolution
		{8AE88502-11CF-465E-97E5-9C1F5F192B3C}.Debug|Win32.ActiveCfg = Debug|Win32
		{8AE88502-11CF-465E-97E5-9C1F5F192B3C}.Debug|Win32.Build.0 = Debug|Win32
		{8AE88502-11CF-465E-97E5-9C1F5F192B3C}.Release|Win32.ActiveCfg = Release|Win32
		{8AE88502-11CF-465E-97E5-9C1F5F192B3C}.Release|Win32.Build.0 = Release|Win32
	EndGlobalSection
	GlobalSection(SolutionProperties) = preSolution
		HideSolutionNode = FALSE
	EndGlobalSection
EndGlobal
